// !$*UTF8*$!
{
	archiveVersion = 1;
	classes = {
	};
	objectVersion = 56;
	objects = {

/* Begin PBXBuildFile section */
		2C40337029F01DCC003053A4 /* FullListViewController.swift in Sources */ = {isa = PBXBuildFile; fileRef = 2C40336F29F01DCC003053A4 /* FullListViewController.swift */; };
		2C6CC22929EDE00700C4B09F /* AppDelegate.swift in Sources */ = {isa = PBXBuildFile; fileRef = 2C6CC22829EDE00700C4B09F /* AppDelegate.swift */; };
		2C6CC22B29EDE00700C4B09F /* SceneDelegate.swift in Sources */ = {isa = PBXBuildFile; fileRef = 2C6CC22A29EDE00700C4B09F /* SceneDelegate.swift */; };
		2C6CC22D29EDE00700C4B09F /* UserInformationViewController.swift in Sources */ = {isa = PBXBuildFile; fileRef = 2C6CC22C29EDE00700C4B09F /* UserInformationViewController.swift */; };
		2C6CC23029EDE00700C4B09F /* Main.storyboard in Resources */ = {isa = PBXBuildFile; fileRef = 2C6CC22E29EDE00700C4B09F /* Main.storyboard */; };
		2C6CC23229EDE00700C4B09F /* Assets.xcassets in Resources */ = {isa = PBXBuildFile; fileRef = 2C6CC23129EDE00700C4B09F /* Assets.xcassets */; };
		2C6CC23529EDE00700C4B09F /* LaunchScreen.storyboard in Resources */ = {isa = PBXBuildFile; fileRef = 2C6CC23329EDE00700C4B09F /* LaunchScreen.storyboard */; };
		2C6CC23D29EDE07B00C4B09F /* PersonsListViewController.swift in Sources */ = {isa = PBXBuildFile; fileRef = 2C6CC23C29EDE07B00C4B09F /* PersonsListViewController.swift */; };
		2CD631BD29F06E8900B69EEE /* TabBarViewController.swift in Sources */ = {isa = PBXBuildFile; fileRef = 2CD631BC29F06E8900B69EEE /* TabBarViewController.swift */; };
		2CF9287F29EF10C500F88BB8 /* Person.swift in Sources */ = {isa = PBXBuildFile; fileRef = 2CF9287E29EF10C500F88BB8 /* Person.swift */; };
		2CF9288229EF13FD00F88BB8 /* DataStore.swift in Sources */ = {isa = PBXBuildFile; fileRef = 2CF9288129EF13FD00F88BB8 /* DataStore.swift */; };
/* End PBXBuildFile section */

/* Begin PBXFileReference section */
		2C40336F29F01DCC003053A4 /* FullListViewController.swift */ = {isa = PBXFileReference; lastKnownFileType = sourcecode.swift; path = FullListViewController.swift; sourceTree = "<group>"; };
		2C6CC22529EDE00700C4B09F /* ContactList.app */ = {isa = PBXFileReference; explicitFileType = wrapper.application; includeInIndex = 0; path = ContactList.app; sourceTree = BUILT_PRODUCTS_DIR; };
		2C6CC22829EDE00700C4B09F /* AppDelegate.swift */ = {isa = PBXFileReference; lastKnownFileType = sourcecode.swift; path = AppDelegate.swift; sourceTree = "<group>"; };
		2C6CC22A29EDE00700C4B09F /* SceneDelegate.swift */ = {isa = PBXFileReference; lastKnownFileType = sourcecode.swift; path = SceneDelegate.swift; sourceTree = "<group>"; };
		2C6CC22C29EDE00700C4B09F /* UserInformationViewController.swift */ = {isa = PBXFileReference; lastKnownFileType = sourcecode.swift; path = UserInformationViewController.swift; sourceTree = "<group>"; };
		2C6CC22F29EDE00700C4B09F /* Base */ = {isa = PBXFileReference; lastKnownFileType = file.storyboard; name = Base; path = Base.lproj/Main.storyboard; sourceTree = "<group>"; };
		2C6CC23129EDE00700C4B09F /* Assets.xcassets */ = {isa = PBXFileReference; lastKnownFileType = folder.assetcatalog; path = Assets.xcassets; sourceTree = "<group>"; };
		2C6CC23429EDE00700C4B09F /* Base */ = {isa = PBXFileReference; lastKnownFileType = file.storyboard; name = Base; path = Base.lproj/LaunchScreen.storyboard; sourceTree = "<group>"; };
		2C6CC23629EDE00700C4B09F /* Info.plist */ = {isa = PBXFileReference; lastKnownFileType = text.plist.xml; path = Info.plist; sourceTree = "<group>"; };
		2C6CC23C29EDE07B00C4B09F /* PersonsListViewController.swift */ = {isa = PBXFileReference; lastKnownFileType = sourcecode.swift; path = PersonsListViewController.swift; sourceTree = "<group>"; };
		2CD631BC29F06E8900B69EEE /* TabBarViewController.swift */ = {isa = PBXFileReference; lastKnownFileType = sourcecode.swift; path = TabBarViewController.swift; sourceTree = "<group>"; };
		2CF9287E29EF10C500F88BB8 /* Person.swift */ = {isa = PBXFileReference; lastKnownFileType = sourcecode.swift; path = Person.swift; sourceTree = "<group>"; };
		2CF9288129EF13FD00F88BB8 /* DataStore.swift */ = {isa = PBXFileReference; lastKnownFileType = sourcecode.swift; path = DataStore.swift; sourceTree = "<group>"; };
/* End PBXFileReference section */

/* Begin PBXFrameworksBuildPhase section */
		2C6CC22229EDE00700C4B09F /* Frameworks */ = {
			isa = PBXFrameworksBuildPhase;
			buildActionMask = 2147483647;
			files = (
			);
			runOnlyForDeploymentPostprocessing = 0;
		};
/* End PBXFrameworksBuildPhase section */

/* Begin PBXGroup section */
		2C36A02C29F1CD78008718D1 /* StoryBoards */ = {
			isa = PBXGroup;
			children = (
				2C6CC22E29EDE00700C4B09F /* Main.storyboard */,
				2C6CC23329EDE00700C4B09F /* LaunchScreen.storyboard */,
			);
			path = StoryBoards;
			sourceTree = "<group>";
		};
		2C6CC21C29EDE00700C4B09F = {
			isa = PBXGroup;
			children = (
				2C6CC22729EDE00700C4B09F /* ContactList */,
				2C6CC22629EDE00700C4B09F /* Products */,
			);
			sourceTree = "<group>";
		};
		2C6CC22629EDE00700C4B09F /* Products */ = {
			isa = PBXGroup;
			children = (
				2C6CC22529EDE00700C4B09F /* ContactList.app */,
			);
			name = Products;
			sourceTree = "<group>";
		};
		2C6CC22729EDE00700C4B09F /* ContactList */ = {
			isa = PBXGroup;
			children = (
				2C6CC23F29EDE17200C4B09F /* ViewControllers */,
				2CF9288029EF10E900F88BB8 /* Models */,
				2CF9288329EF140000F88BB8 /* Services */,
				2C6CC24029EDE18500C4B09F /* App */,
				2C6CC24129EDE18E00C4B09F /* Resources */,
				2C36A02C29F1CD78008718D1 /* StoryBoards */,
			);
			path = ContactList;
			sourceTree = "<group>";
		};
		2C6CC23F29EDE17200C4B09F /* ViewControllers */ = {
			isa = PBXGroup;
			children = (
				2CD631BC29F06E8900B69EEE /* TabBarViewController.swift */,
				2C40336F29F01DCC003053A4 /* FullListViewController.swift */,
				2C6CC23C29EDE07B00C4B09F /* PersonsListViewController.swift */,
				2C6CC22C29EDE00700C4B09F /* UserInformationViewController.swift */,
			);
			path = ViewControllers;
			sourceTree = "<group>";
		};
		2C6CC24029EDE18500C4B09F /* App */ = {
			isa = PBXGroup;
			children = (
				2C6CC22829EDE00700C4B09F /* AppDelegate.swift */,
				2C6CC22A29EDE00700C4B09F /* SceneDelegate.swift */,
				2C6CC23629EDE00700C4B09F /* Info.plist */,
			);
			path = App;
			sourceTree = "<group>";
		};
		2C6CC24129EDE18E00C4B09F /* Resources */ = {
			isa = PBXGroup;
			children = (
				2C6CC23129EDE00700C4B09F /* Assets.xcassets */,
			);
			path = Resources;
			sourceTree = "<group>";
		};
		2CF9288029EF10E900F88BB8 /* Models */ = {
			isa = PBXGroup;
			children = (
				2CF9287E29EF10C500F88BB8 /* Person.swift */,
			);
			path = Models;
			sourceTree = "<group>";
		};
		2CF9288329EF140000F88BB8 /* Services */ = {
			isa = PBXGroup;
			children = (
				2CF9288129EF13FD00F88BB8 /* DataStore.swift */,
			);
			path = Services;
			sourceTree = "<group>";
		};
/* End PBXGroup section */

/* Begin PBXNativeTarget section */
		2C6CC22429EDE00700C4B09F /* ContactList */ = {
			isa = PBXNativeTarget;
			buildConfigurationList = 2C6CC23929EDE00700C4B09F /* Build configuration list for PBXNativeTarget "ContactList" */;
			buildPhases = (
				2C6CC22129EDE00700C4B09F /* Sources */,
				2C6CC22229EDE00700C4B09F /* Frameworks */,
				2C6CC22329EDE00700C4B09F /* Resources */,
			);
			buildRules = (
			);
			dependencies = (
			);
			name = ContactList;
			productName = ContactList;
			productReference = 2C6CC22529EDE00700C4B09F /* ContactList.app */;
			productType = "com.apple.product-type.application";
		};
/* End PBXNativeTarget section */

/* Begin PBXProject section */
		2C6CC21D29EDE00700C4B09F /* Project object */ = {
			isa = PBXProject;
			attributes = {
				BuildIndependentTargetsInParallel = 1;
				LastSwiftUpdateCheck = 1430;
				LastUpgradeCheck = 1430;
				TargetAttributes = {
					2C6CC22429EDE00700C4B09F = {
						CreatedOnToolsVersion = 14.3;
					};
				};
			};
			buildConfigurationList = 2C6CC22029EDE00700C4B09F /* Build configuration list for PBXProject "ContactList" */;
			compatibilityVersion = "Xcode 14.0";
			developmentRegion = en;
			hasScannedForEncodings = 0;
			knownRegions = (
				en,
				Base,
			);
			mainGroup = 2C6CC21C29EDE00700C4B09F;
			productRefGroup = 2C6CC22629EDE00700C4B09F /* Products */;
			projectDirPath = "";
			projectRoot = "";
			targets = (
				2C6CC22429EDE00700C4B09F /* ContactList */,
			);
		};
/* End PBXProject section */

/* Begin PBXResourcesBuildPhase section */
		2C6CC22329EDE00700C4B09F /* Resources */ = {
			isa = PBXResourcesBuildPhase;
			buildActionMask = 2147483647;
			files = (
				2C6CC23529EDE00700C4B09F /* LaunchScreen.storyboard in Resources */,
				2C6CC23229EDE00700C4B09F /* Assets.xcassets in Resources */,
				2C6CC23029EDE00700C4B09F /* Main.storyboard in Resources */,
			);
			runOnlyForDeploymentPostprocessing = 0;
		};
/* End PBXResourcesBuildPhase section */

/* Begin PBXSourcesBuildPhase section */
		2C6CC22129EDE00700C4B09F /* Sources */ = {
			isa = PBXSourcesBuildPhase;
			buildActionMask = 2147483647;
			files = (
				2CF9287F29EF10C500F88BB8 /* Person.swift in Sources */,
				2CF9288229EF13FD00F88BB8 /* DataStore.swift in Sources */,
				2C6CC22D29EDE00700C4B09F /* UserInformationViewController.swift in Sources */,
				2C6CC22929EDE00700C4B09F /* AppDelegate.swift in Sources */,
				2C6CC22B29EDE00700C4B09F /* SceneDelegate.swift in Sources */,
				2C6CC23D29EDE07B00C4B09F /* PersonsListViewController.swift in Sources */,
				2C40337029F01DCC003053A4 /* FullListViewController.swift in Sources */,
				2CD631BD29F06E8900B69EEE /* TabBarViewController.swift in Sources */,
			);
			runOnlyForDeploymentPostprocessing = 0;
		};
/* End PBXSourcesBuildPhase section */

/* Begin PBXVariantGroup section */
		2C6CC22E29EDE00700C4B09F /* Main.storyboard */ = {
			isa = PBXVariantGroup;
			children = (
				2C6CC22F29EDE00700C4B09F /* Base */,
			);
			name = Main.storyboard;
			sourceTree = "<group>";
		};
		2C6CC23329EDE00700C4B09F /* LaunchScreen.storyboard */ = {
			isa = PBXVariantGroup;
			children = (
				2C6CC23429EDE00700C4B09F /* Base */,
			);
			name = LaunchScreen.storyboard;
			sourceTree = "<group>";
		};
/* End PBXVariantGroup section */

/* Begin XCBuildConfiguration section */
		2C6CC23729EDE00700C4B09F /* Debug */ = {
			isa = XCBuildConfiguration;
			buildSettings = {
				ALWAYS_SEARCH_USER_PATHS = NO;
				CLANG_ANALYZER_NONNULL = YES;
				CLANG_ANALYZER_NUMBER_OBJECT_CONVERSION = YES_AGGRESSIVE;
				CLANG_CXX_LANGUAGE_STANDARD = "gnu++20";
				CLANG_ENABLE_MODULES = YES;
				CLANG_ENABLE_OBJC_ARC = YES;
				CLANG_ENABLE_OBJC_WEAK = YES;
				CLANG_WARN_BLOCK_CAPTURE_AUTORELEASING = YES;
				CLANG_WARN_BOOL_CONVERSION = YES;
				CLANG_WARN_COMMA = YES;
				CLANG_WARN_CONSTANT_CONVERSION = YES;
				CLANG_WARN_DEPRECATED_OBJC_IMPLEMENTATIONS = YES;
				CLANG_WARN_DIRECT_OBJC_ISA_USAGE = YES_ERROR;
				CLANG_WARN_DOCUMENTATION_COMMENTS = YES;
				CLANG_WARN_EMPTY_BODY = YES;
				CLANG_WARN_ENUM_CONVERSION = YES;
				CLANG_WARN_INFINITE_RECURSION = YES;
				CLANG_WARN_INT_CONVERSION = YES;
				CLANG_WARN_NON_LITERAL_NULL_CONVERSION = YES;
				CLANG_WARN_OBJC_IMPLICIT_RETAIN_SELF = YES;
				CLANG_WARN_OBJC_LITERAL_CONVERSION = YES;
				CLANG_WARN_OBJC_ROOT_CLASS = YES_ERROR;
				CLANG_WARN_QUOTED_INCLUDE_IN_FRAMEWORK_HEADER = YES;
				CLANG_WARN_RANGE_LOOP_ANALYSIS = YES;
				CLANG_WARN_STRICT_PROTOTYPES = YES;
				CLANG_WARN_SUSPICIOUS_MOVE = YES;
				CLANG_WARN_UNGUARDED_AVAILABILITY = YES_AGGRESSIVE;
				CLANG_WARN_UNREACHABLE_CODE = YES;
				CLANG_WARN__DUPLICATE_METHOD_MATCH = YES;
				COPY_PHASE_STRIP = NO;
				DEBUG_INFORMATION_FORMAT = dwarf;
				ENABLE_STRICT_OBJC_MSGSEND = YES;
				ENABLE_TESTABILITY = YES;
				GCC_C_LANGUAGE_STANDARD = gnu11;
				GCC_DYNAMIC_NO_PIC = NO;
				GCC_NO_COMMON_BLOCKS = YES;
				GCC_OPTIMIZATION_LEVEL = 0;
				GCC_PREPROCESSOR_DEFINITIONS = (
					"DEBUG=1",
					"$(inherited)",
				);
				GCC_WARN_64_TO_32_BIT_CONVERSION = YES;
				GCC_WARN_ABOUT_RETURN_TYPE = YES_ERROR;
				GCC_WARN_UNDECLARED_SELECTOR = YES;
				GCC_WARN_UNINITIALIZED_AUTOS = YES_AGGRESSIVE;
				GCC_WARN_UNUSED_FUNCTION = YES;
				GCC_WARN_UNUSED_VARIABLE = YES;
				IPHONEOS_DEPLOYMENT_TARGET = 16.4;
				MTL_ENABLE_DEBUG_INFO = INCLUDE_SOURCE;
				MTL_FAST_MATH = YES;
				ONLY_ACTIVE_ARCH = YES;
				SDKROOT = iphoneos;
				SWIFT_ACTIVE_COMPILATION_CONDITIONS = DEBUG;
				SWIFT_OPTIMIZATION_LEVEL = "-Onone";
			};
			name = Debug;
		};
		2C6CC23829EDE00700C4B09F /* Release */ = {
			isa = XCBuildConfiguration;
			buildSettings = {
				ALWAYS_SEARCH_USER_PATHS = NO;
				CLANG_ANALYZER_NONNULL = YES;
				CLANG_ANALYZER_NUMBER_OBJECT_CONVERSION = YES_AGGRESSIVE;
				CLANG_CXX_LANGUAGE_STANDARD = "gnu++20";
				CLANG_ENABLE_MODULES = YES;
				CLANG_ENABLE_OBJC_ARC = YES;
				CLANG_ENABLE_OBJC_WEAK = YES;
				CLANG_WARN_BLOCK_CAPTURE_AUTORELEASING = YES;
				CLANG_WARN_BOOL_CONVERSION = YES;
				CLANG_WARN_COMMA = YES;
				CLANG_WARN_CONSTANT_CONVERSION = YES;
				CLANG_WARN_DEPRECATED_OBJC_IMPLEMENTATIONS = YES;
				CLANG_WARN_DIRECT_OBJC_ISA_USAGE = YES_ERROR;
				CLANG_WARN_DOCUMENTATION_COMMENTS = YES;
				CLANG_WARN_EMPTY_BODY = YES;
				CLANG_WARN_ENUM_CONVERSION = YES;
				CLANG_WARN_INFINITE_RECURSION = YES;
				CLANG_WARN_INT_CONVERSION = YES;
				CLANG_WARN_NON_LITERAL_NULL_CONVERSION = YES;
				CLANG_WARN_OBJC_IMPLICIT_RETAIN_SELF = YES;
				CLANG_WARN_OBJC_LITERAL_CONVERSION = YES;
				CLANG_WARN_OBJC_ROOT_CLASS = YES_ERROR;
				CLANG_WARN_QUOTED_INCLUDE_IN_FRAMEWORK_HEADER = YES;
				CLANG_WARN_RANGE_LOOP_ANALYSIS = YES;
				CLANG_WARN_STRICT_PROTOTYPES = YES;
				CLANG_WARN_SUSPICIOUS_MOVE = YES;
				CLANG_WARN_UNGUARDED_AVAILABILITY = YES_AGGRESSIVE;
				CLANG_WARN_UNREACHABLE_CODE = YES;
				CLANG_WARN__DUPLICATE_METHOD_MATCH = YES;
				COPY_PHASE_STRIP = NO;
				DEBUG_INFORMATION_FORMAT = "dwarf-with-dsym";
				ENABLE_NS_ASSERTIONS = NO;
				ENABLE_STRICT_OBJC_MSGSEND = YES;
				GCC_C_LANGUAGE_STANDARD = gnu11;
				GCC_NO_COMMON_BLOCKS = YES;
				GCC_WARN_64_TO_32_BIT_CONVERSION = YES;
				GCC_WARN_ABOUT_RETURN_TYPE = YES_ERROR;
				GCC_WARN_UNDECLARED_SELECTOR = YES;
				GCC_WARN_UNINITIALIZED_AUTOS = YES_AGGRESSIVE;
				GCC_WARN_UNUSED_FUNCTION = YES;
				GCC_WARN_UNUSED_VARIABLE = YES;
				IPHONEOS_DEPLOYMENT_TARGET = 16.4;
				MTL_ENABLE_DEBUG_INFO = NO;
				MTL_FAST_MATH = YES;
				SDKROOT = iphoneos;
				SWIFT_COMPILATION_MODE = wholemodule;
				SWIFT_OPTIMIZATION_LEVEL = "-O";
				VALIDATE_PRODUCT = YES;
			};
			name = Release;
		};
		2C6CC23A29EDE00700C4B09F /* Debug */ = {
			isa = XCBuildConfiguration;
			buildSettings = {
				ASSETCATALOG_COMPILER_APPICON_NAME = AppIcon;
				ASSETCATALOG_COMPILER_GLOBAL_ACCENT_COLOR_NAME = AccentColor;
				ASSETCATALOG_COMPILER_INCLUDE_ALL_APPICON_ASSETS = NO;
				CODE_SIGN_STYLE = Automatic;
				CURRENT_PROJECT_VERSION = 1;
				DEVELOPMENT_TEAM = 668CVSWCB8;
				GENERATE_INFOPLIST_FILE = YES;
				INFOPLIST_FILE = ContactList/App/Info.plist;
				INFOPLIST_KEY_UIApplicationSupportsIndirectInputEvents = YES;
				INFOPLIST_KEY_UILaunchStoryboardName = LaunchScreen.storyboard;
				INFOPLIST_KEY_UIMainStoryboardFile = Main;
				INFOPLIST_KEY_UISupportedInterfaceOrientations = UIInterfaceOrientationPortrait;
				INFOPLIST_KEY_UISupportedInterfaceOrientations_iPad = "UIInterfaceOrientationLandscapeLeft UIInterfaceOrientationLandscapeRight UIInterfaceOrientationPortrait UIInterfaceOrientationPortraitUpsideDown";
				LD_RUNPATH_SEARCH_PATHS = (
					"$(inherited)",
					"@executable_path/Frameworks",
				);
				MARKETING_VERSION = 0.1.0;
				PRODUCT_BUNDLE_IDENTIFIER = Authorizationru.ndlap.ContactList;
				PRODUCT_NAME = "$(TARGET_NAME)";
				SUPPORTED_PLATFORMS = "iphoneos iphonesimulator";
				SUPPORTS_MACCATALYST = NO;
				SUPPORTS_MAC_DESIGNED_FOR_IPHONE_IPAD = NO;
				SWIFT_EMIT_LOC_STRINGS = YES;
				SWIFT_VERSION = 5.0;
				TARGETED_DEVICE_FAMILY = 1;
			};
			name = Debug;
		};
		2C6CC23B29EDE00700C4B09F /* Release */ = {
			isa = XCBuildConfiguration;
			buildSettings = {
				ASSETCATALOG_COMPILER_APPICON_NAME = AppIcon;
				ASSETCATALOG_COMPILER_GLOBAL_ACCENT_COLOR_NAME = AccentColor;
				ASSETCATALOG_COMPILER_INCLUDE_ALL_APPICON_ASSETS = NO;
				CODE_SIGN_STYLE = Automatic;
				CURRENT_PROJECT_VERSION = 1;
				DEVELOPMENT_TEAM = 668CVSWCB8;
				GENERATE_INFOPLIST_FILE = YES;
				INFOPLIST_FILE = ContactList/App/Info.plist;
				INFOPLIST_KEY_UIApplicationSupportsIndirectInputEvents = YES;
				INFOPLIST_KEY_UILaunchStoryboardName = LaunchScreen.storyboard;
				INFOPLIST_KEY_UIMainStoryboardFile = Main;
				INFOPLIST_KEY_UISupportedInterfaceOrientations = UIInterfaceOrientationPortrait;
				INFOPLIST_KEY_UISupportedInterfaceOrientations_iPad = "UIInterfaceOrientationLandscapeLeft UIInterfaceOrientationLandscapeRight UIInterfaceOrientationPortrait UIInterfaceOrientationPortraitUpsideDown";
				LD_RUNPATH_SEARCH_PATHS = (
					"$(inherited)",
					"@executable_path/Frameworks",
				);
				MARKETING_VERSION = 0.1.0;
				PRODUCT_BUNDLE_IDENTIFIER = Authorizationru.ndlap.ContactList;
				PRODUCT_NAME = "$(TARGET_NAME)";
				SUPPORTED_PLATFORMS = "iphoneos iphonesimulator";
				SUPPORTS_MACCATALYST = NO;
				SUPPORTS_MAC_DESIGNED_FOR_IPHONE_IPAD = NO;
				SWIFT_EMIT_LOC_STRINGS = YES;
				SWIFT_VERSION = 5.0;
				TARGETED_DEVICE_FAMILY = 1;
			};
			name = Release;
		};
/* End XCBuildConfiguration section */

/* Begin XCConfigurationList section */
		2C6CC22029EDE00700C4B09F /* Build configuration list for PBXProject "ContactList" */ = {
			isa = XCConfigurationList;
			buildConfigurations = (
				2C6CC23729EDE00700C4B09F /* Debug */,
				2C6CC23829EDE00700C4B09F /* Release */,
			);
			defaultConfigurationIsVisible = 0;
			defaultConfigurationName = Release;
		};
		2C6CC23929EDE00700C4B09F /* Build configuration list for PBXNativeTarget "ContactList" */ = {
			isa = XCConfigurationList;
			buildConfigurations = (
				2C6CC23A29EDE00700C4B09F /* Debug */,
				2C6CC23B29EDE00700C4B09F /* Release */,
			);
			defaultConfigurationIsVisible = 0;
			defaultConfigurationName = Release;
		};
/* End XCConfigurationList section */
	};
	rootObject = 2C6CC21D29EDE00700C4B09F /* Project object */;
}
